
Microsoft Visual Studio Solution File, Format Version 12.00
# Visual Studio 15
VisualStudioVersion = 15.0.26730.8
MinimumVisualStudioVersion = 10.0.40219.1
Project("{9A19103F-16F7-4668-BE54-9A1E7A4F7556}") = "ContosoUniversity", "ContosoUniversity.csproj", "{6F53EB6F-9589-4E96-9A8E-28E586640CB0}"
EndProject
Global
	GlobalSection(SolutionConfigurationPlatforms) = preSolution
		Debug|Any CPU = Debug|Any CPU
		Release|Any CPU = Release|Any CPU
	EndGlobalSection
	GlobalSection(ProjectConfigurationPlatforms) = postSolution
		{6F53EB6F-9589-4E96-9A8E-28E586640CB0}.Debug|Any CPU.ActiveCfg = Debug|Any CPU
		{6F53EB6F-9589-4E96-9A8E-28E586640CB0}.Debug|Any CPU.Build.0 = Debug|Any CPU
		{6F53EB6F-9589-4E96-9A8E-28E586640CB0}.Release|Any CPU.ActiveCfg = Release|Any CPU
		{6F53EB6F-9589-4E96-9A8E-28E586640CB0}.Release|Any CPU.Build.0 = Release|Any CPU
	EndGlobalSection
	GlobalSection(SolutionProperties) = preSolution
		HideSolutionNode = FALSE
	EndGlobalSection
	GlobalSection(ExtensibilityGlobals) = postSolution
		SolutionGuid = {A0F5D138-AEAC-40AE-8140-DC6E5ED65B3A}
	EndGlobalSection
EndGlobal
